
Microsoft Visual Studio Solution File, Format Version 12.00
Project("{FAE04EC0-301F-11D3-BF4B-00C04F79EFBC}") = "LooslyCouplingSimplified", "LooslyCouplingSimplified\LooslyCouplingSimplified.csproj", "{35453F46-83F1-4895-AF1D-ABD644DD0141}"
EndProject
Global
	GlobalSection(SolutionConfigurationPlatforms) = preSolution
		Debug|Any CPU = Debug|Any CPU
		Release|Any CPU = Release|Any CPU
	EndGlobalSection
	GlobalSection(ProjectConfigurationPlatforms) = postSolution
		{35453F46-83F1-4895-AF1D-ABD644DD0141}.Debug|Any CPU.ActiveCfg = Debug|Any CPU
		{35453F46-83F1-4895-AF1D-ABD644DD0141}.Debug|Any CPU.Build.0 = Debug|Any CPU
		{35453F46-83F1-4895-AF1D-ABD644DD0141}.Release|Any CPU.ActiveCfg = Release|Any CPU
		{35453F46-83F1-4895-AF1D-ABD644DD0141}.Release|Any CPU.Build.0 = Release|Any CPU
	EndGlobalSection
EndGlobal
